github_organization_block:
    status: ASSESS
    layout: github
    page_title: 'GitHub: github_organization_block'
    description: Creates and manages blocks for GitHub organizations
    arguments:
        username:
            description: The name of the user to block.
            required: false
            policy: ''
            notes: ''
    attributes: {}
    timeouts: {}
    usage: !!binary |
        Q25KbGMyOTFjbU5sSUNKbmFYUm9kV0pmYjNKbllXNXBlbUYwYVc5dVgySnNiMk5ySWlBaVpYaGhi
        WEJzWlNJZ2V3b2dJSFZ6WlhKdVlXMWxJRDBnSW5CaGRXeDBlVzVuSWdwOUNnPT0=
    import: {}
    hcl_url: !!binary |
        YUhSMGNITTZMeTluYVhSb2RXSXVZMjl0TDNSbGNuSmhabTl5YlMxd2NtOTJhV1JsY25NdmRHVnlj
        bUZtYjNKdExYQnliM1pwWkdWeUxXZHBkR2gxWWk5aWJHOWlMMjFoYzNSbGNpOTNaV0p6YVhSbEwy
        UnZZM012Y2k5dmNtZGhibWw2WVhScGIyNWZZbXh2WTJzdWFIUnRiQzV0WVhKclpHOTNiZz09
